
Microsoft Visual Studio Solution File, Format Version 12.00
# Visual Studio Version 17
VisualStudioVersion = 17.11.35327.3
MinimumVisualStudioVersion = 10.0.40219.1
Project("{FAE04EC0-301F-11D3-BF4B-00C04F79EFBC}") = "HotelFoodAndRoomServiceSystem", "HotelFoodAndRoomServiceSystem\HotelFoodAndRoomServiceSystem.csproj", "{F4CBFFDF-14EA-4A81-9A5C-B1D127646B2A}"
EndProject
Global
	GlobalSection(SolutionConfigurationPlatforms) = preSolution
		Debug|Any CPU = Debug|Any CPU
		Release|Any CPU = Release|Any CPU
	EndGlobalSection
	GlobalSection(ProjectConfigurationPlatforms) = postSolution
		{F4CBFFDF-14EA-4A81-9A5C-B1D127646B2A}.Debug|Any CPU.ActiveCfg = Debug|Any CPU
		{F4CBFFDF-14EA-4A81-9A5C-B1D127646B2A}.Debug|Any CPU.Build.0 = Debug|Any CPU
		{F4CBFFDF-14EA-4A81-9A5C-B1D127646B2A}.Release|Any CPU.ActiveCfg = Release|Any CPU
		{F4CBFFDF-14EA-4A81-9A5C-B1D127646B2A}.Release|Any CPU.Build.0 = Release|Any CPU
	EndGlobalSection
	GlobalSection(SolutionProperties) = preSolution
		HideSolutionNode = FALSE
	EndGlobalSection
	GlobalSection(ExtensibilityGlobals) = postSolution
		SolutionGuid = {86F7A46B-E09C-4F22-B728-D9522176ABA2}
	EndGlobalSection
EndGlobal
